// !$*UTF8*$!
{
	archiveVersion = 1;
	classes = {
	};
	objectVersion = 46;
	objects = {

/* Begin PBXBuildFile section */
		002360FF1F01D9F200CEB6EC /* AppDelegate.swift in Sources */ = {isa = PBXBuildFile; fileRef = 002360FE1F01D9F200CEB6EC /* AppDelegate.swift */; };
		002361011F01D9F200CEB6EC /* ViewController.swift in Sources */ = {isa = PBXBuildFile; fileRef = 002361001F01D9F200CEB6EC /* ViewController.swift */; };
		002361041F01D9F200CEB6EC /* Main.storyboard in Resources */ = {isa = PBXBuildFile; fileRef = 002361021F01D9F200CEB6EC /* Main.storyboard */; };
		002361061F01D9F200CEB6EC /* Assets.xcassets in Resources */ = {isa = PBXBuildFile; fileRef = 002361051F01D9F200CEB6EC /* Assets.xcassets */; };
		002361091F01D9F200CEB6EC /* LaunchScreen.storyboard in Resources */ = {isa = PBXBuildFile; fileRef = 002361071F01D9F200CEB6EC /* LaunchScreen.storyboard */; };
		002361111F01DD5A00CEB6EC /* pokemon.csv in Resources */ = {isa = PBXBuildFile; fileRef = 002361101F01DD5A00CEB6EC /* pokemon.csv */; };
/* End PBXBuildFile section */

/* Begin PBXFileReference section */
		002360FB1F01D9F200CEB6EC /* Pokedex.app */ = {isa = PBXFileReference; explicitFileType = wrapper.application; includeInIndex = 0; path = Pokedex.app; sourceTree = BUILT_PRODUCTS_DIR; };
		002360FE1F01D9F200CEB6EC /* AppDelegate.swift */ = {isa = PBXFileReference; lastKnownFileType = sourcecode.swift; path = AppDelegate.swift; sourceTree = "<group>"; };
		002361001F01D9F200CEB6EC /* ViewController.swift */ = {isa = PBXFileReference; lastKnownFileType = sourcecode.swift; path = ViewController.swift; sourceTree = "<group>"; };
		002361031F01D9F200CEB6EC /* Base */ = {isa = PBXFileReference; lastKnownFileType = file.storyboard; name = Base; path = Base.lproj/Main.storyboard; sourceTree = "<group>"; };
		002361051F01D9F200CEB6EC /* Assets.xcassets */ = {isa = PBXFileReference; lastKnownFileType = folder.assetcatalog; path = Assets.xcassets; sourceTree = "<group>"; };
		002361081F01D9F200CEB6EC /* Base */ = {isa = PBXFileReference; lastKnownFileType = file.storyboard; name = Base; path = Base.lproj/LaunchScreen.storyboard; sourceTree = "<group>"; };
		0023610A1F01D9F200CEB6EC /* Info.plist */ = {isa = PBXFileReference; lastKnownFileType = text.plist.xml; path = Info.plist; sourceTree = "<group>"; };
		002361101F01DD5A00CEB6EC /* pokemon.csv */ = {isa = PBXFileReference; fileEncoding = 4; lastKnownFileType = text; path = pokemon.csv; sourceTree = "<group>"; };
/* End PBXFileReference section */

/* Begin PBXFrameworksBuildPhase section */
		002360F81F01D9F200CEB6EC /* Frameworks */ = {
			isa = PBXFrameworksBuildPhase;
			buildActionMask = 2147483647;
			files = (
			);
			runOnlyForDeploymentPostprocessing = 0;
		};
/* End PBXFrameworksBuildPhase section */

/* Begin PBXGroup section */
		002360F21F01D9F200CEB6EC = {
			isa = PBXGroup;
			children = (
				002360FD1F01D9F200CEB6EC /* Pokedex */,
				002360FC1F01D9F200CEB6EC /* Products */,
			);
			sourceTree = "<group>";
		};
		002360FC1F01D9F200CEB6EC /* Products */ = {
			isa = PBXGroup;
			children = (
				002360FB1F01D9F200CEB6EC /* Pokedex.app */,
			);
			name = Products;
			sourceTree = "<group>";
		};
		002360FD1F01D9F200CEB6EC /* Pokedex */ = {
			isa = PBXGroup;
			children = (
				002360FE1F01D9F200CEB6EC /* AppDelegate.swift */,
				002361001F01D9F200CEB6EC /* ViewController.swift */,
				002361021F01D9F200CEB6EC /* Main.storyboard */,
				002361051F01D9F200CEB6EC /* Assets.xcassets */,
				002361101F01DD5A00CEB6EC /* pokemon.csv */,
				002361071F01D9F200CEB6EC /* LaunchScreen.storyboard */,
				0023610A1F01D9F200CEB6EC /* Info.plist */,
			);
			path = Pokedex;
			sourceTree = "<group>";
		};
/* End PBXGroup section */

/* Begin PBXNativeTarget section */
		002360FA1F01D9F200CEB6EC /* Pokedex */ = {
			isa = PBXNativeTarget;
			buildConfigurationList = 0023610D1F01D9F200CEB6EC /* Build configuration list for PBXNativeTarget "Pokedex" */;
			buildPhases = (
				002360F71F01D9F200CEB6EC /* Sources */,
				002360F81F01D9F200CEB6EC /* Frameworks */,
				002360F91F01D9F200CEB6EC /* Resources */,
			);
			buildRules = (
			);
			dependencies = (
			);
			name = Pokedex;
			productName = Pokedex;
			productReference = 002360FB1F01D9F200CEB6EC /* Pokedex.app */;
			productType = "com.apple.product-type.application";
		};
/* End PBXNativeTarget section */

/* Begin PBXProject section */
		002360F31F01D9F200CEB6EC /* Project object */ = {
			isa = PBXProject;
			attributes = {
				LastSwiftUpdateCheck = 0830;
				LastUpgradeCheck = 0830;
				ORGANIZATIONNAME = "Victor Mendes";
				TargetAttributes = {
					002360FA1F01D9F200CEB6EC = {
						CreatedOnToolsVersion = 8.3.3;
						DevelopmentTeam = 4BELNFV56M;
						ProvisioningStyle = Automatic;
					};
				};
			};
			buildConfigurationList = 002360F61F01D9F200CEB6EC /* Build configuration list for PBXProject "Pokedex" */;
			compatibilityVersion = "Xcode 3.2";
			developmentRegion = English;
			hasScannedForEncodings = 0;
			knownRegions = (
				en,
				Base,
			);
			mainGroup = 002360F21F01D9F200CEB6EC;
			productRefGroup = 002360FC1F01D9F200CEB6EC /* Products */;
			projectDirPath = "";
			projectRoot = "";
			targets = (
				002360FA1F01D9F200CEB6EC /* Pokedex */,
			);
		};
/* End PBXProject section */

/* Begin PBXResourcesBuildPhase section */
		002360F91F01D9F200CEB6EC /* Resources */ = {
			isa = PBXResourcesBuildPhase;
			buildActionMask = 2147483647;
			files = (
				002361091F01D9F200CEB6EC /* LaunchScreen.storyboard in Resources */,
				002361061F01D9F200CEB6EC /* Assets.xcassets in Resources */,
				002361111F01DD5A00CEB6EC /* pokemon.csv in Resources */,
				002361041F01D9F200CEB6EC /* Main.storyboard in Resources */,
			);
			runOnlyForDeploymentPostprocessing = 0;
		};
/* End PBXResourcesBuildPhase section */

/* Begin PBXSourcesBuildPhase section */
		002360F71F01D9F200CEB6EC /* Sources */ = {
			isa = PBXSourcesBuildPhase;
			buildActionMask = 2147483647;
			files = (
				002361011F01D9F200CEB6EC /* ViewController.swift in Sources */,
				002360FF1F01D9F200CEB6EC /* AppDelegate.swift in Sources */,
			);
			runOnlyForDeploymentPostprocessing = 0;
		};
/* End PBXSourcesBuildPhase section */

/* Begin PBXVariantGroup section */
		002361021F01D9F200CEB6EC /* Main.storyboard */ = {
			isa = PBXVariantGroup;
			children = (
				002361031F01D9F200CEB6EC /* Base */,
			);
			name = Main.storyboard;
			sourceTree = "<group>";
		};
		002361071F01D9F200CEB6EC /* LaunchScreen.storyboard */ = {
			isa = PBXVariantGroup;
			children = (
				002361081F01D9F200CEB6EC /* Base */,
			);
			name = LaunchScreen.storyboard;
			sourceTree = "<group>";
		};
/* End PBXVariantGroup section */

/* Begin XCBuildConfiguration section */
		0023610B1F01D9F200CEB6EC /* Debug */ = {
			isa = XCBuildConfiguration;
			buildSettings = {
				ALWAYS_SEARCH_USER_PATHS = NO;
				CLANG_ANALYZER_NONNULL = YES;
				CLANG_ANALYZER_NUMBER_OBJECT_CONVERSION = YES_AGGRESSIVE;
				CLANG_CXX_LANGUAGE_STANDARD = "gnu++0x";
				CLANG_CXX_LIBRARY = "libc++";
				CLANG_ENABLE_MODULES = YES;
				CLANG_ENABLE_OBJC_ARC = YES;
				CLANG_WARN_BOOL_CONVERSION = YES;
				CLANG_WARN_CONSTANT_CONVERSION = YES;
				CLANG_WARN_DIRECT_OBJC_ISA_USAGE = YES_ERROR;
				CLANG_WARN_DOCUMENTATION_COMMENTS = YES;
				CLANG_WARN_EMPTY_BODY = YES;
				CLANG_WARN_ENUM_CONVERSION = YES;
				CLANG_WARN_INFINITE_RECURSION = YES;
				CLANG_WARN_INT_CONVERSION = YES;
				CLANG_WARN_OBJC_ROOT_CLASS = YES_ERROR;
				CLANG_WARN_SUSPICIOUS_MOVE = YES;
				CLANG_WARN_UNREACHABLE_CODE = YES;
				CLANG_WARN__DUPLICATE_METHOD_MATCH = YES;
				"CODE_SIGN_IDENTITY[sdk=iphoneos*]" = "iPhone Developer";
				COPY_PHASE_STRIP = NO;
				DEBUG_INFORMATION_FORMAT = dwarf;
				ENABLE_STRICT_OBJC_MSGSEND = YES;
				ENABLE_TESTABILITY = YES;
				GCC_C_LANGUAGE_STANDARD = gnu99;
				GCC_DYNAMIC_NO_PIC = NO;
				GCC_NO_COMMON_BLOCKS = YES;
				GCC_OPTIMIZATION_LEVEL = 0;
				GCC_PREPROCESSOR_DEFINITIONS = (
					"DEBUG=1",
					"$(inherited)",
				);
				GCC_WARN_64_TO_32_BIT_CONVERSION = YES;
				GCC_WARN_ABOUT_RETURN_TYPE = YES_ERROR;
				GCC_WARN_UNDECLARED_SELECTOR = YES;
				GCC_WARN_UNINITIALIZED_AUTOS = YES_AGGRESSIVE;
				GCC_WARN_UNUSED_FUNCTION = YES;
				GCC_WARN_UNUSED_VARIABLE = YES;
				IPHONEOS_DEPLOYMENT_TARGET = 10.3;
				MTL_ENABLE_DEBUG_INFO = YES;
				ONLY_ACTIVE_ARCH = YES;
				SDKROOT = iphoneos;
				SWIFT_ACTIVE_COMPILATION_CONDITIONS = DEBUG;
				SWIFT_OPTIMIZATION_LEVEL = "-Onone";
				TARGETED_DEVICE_FAMILY = "1,2";
			};
			name = Debug;
		};
		0023610C1F01D9F200CEB6EC /* Release */ = {
			isa = XCBuildConfiguration;
			buildSettings = {
				ALWAYS_SEARCH_USER_PATHS = NO;
				CLANG_ANALYZER_NONNULL = YES;
				CLANG_ANALYZER_NUMBER_OBJECT_CONVERSION = YES_AGGRESSIVE;
				CLANG_CXX_LANGUAGE_STANDARD = "gnu++0x";
				CLANG_CXX_LIBRARY = "libc++";
				CLANG_ENABLE_MODULES = YES;
				CLANG_ENABLE_OBJC_ARC = YES;
				CLANG_WARN_BOOL_CONVERSION = YES;
				CLANG_WARN_CONSTANT_CONVERSION = YES;
				CLANG_WARN_DIRECT_OBJC_ISA_USAGE = YES_ERROR;
				CLANG_WARN_DOCUMENTATION_COMMENTS = YES;
				CLANG_WARN_EMPTY_BODY = YES;
				CLANG_WARN_ENUM_CONVERSION = YES;
				CLANG_WARN_INFINITE_RECURSION = YES;
				CLANG_WARN_INT_CONVERSION = YES;
				CLANG_WARN_OBJC_ROOT_CLASS = YES_ERROR;
				CLANG_WARN_SUSPICIOUS_MOVE = YES;
				CLANG_WARN_UNREACHABLE_CODE = YES;
				CLANG_WARN__DUPLICATE_METHOD_MATCH = YES;
				"CODE_SIGN_IDENTITY[sdk=iphoneos*]" = "iPhone Developer";
				COPY_PHASE_STRIP = NO;
				DEBUG_INFORMATION_FORMAT = "dwarf-with-dsym";
				ENABLE_NS_ASSERTIONS = NO;
				ENABLE_STRICT_OBJC_MSGSEND = YES;
				GCC_C_LANGUAGE_STANDARD = gnu99;
				GCC_NO_COMMON_BLOCKS = YES;
				GCC_WARN_64_TO_32_BIT_CONVERSION = YES;
				GCC_WARN_ABOUT_RETURN_TYPE = YES_ERROR;
				GCC_WARN_UNDECLARED_SELECTOR = YES;
				GCC_WARN_UNINITIALIZED_AUTOS = YES_AGGRESSIVE;
				GCC_WARN_UNUSED_FUNCTION = YES;
				GCC_WARN_UNUSED_VARIABLE = YES;
				IPHONEOS_DEPLOYMENT_TARGET = 10.3;
				MTL_ENABLE_DEBUG_INFO = NO;
				SDKROOT = iphoneos;
				SWIFT_OPTIMIZATION_LEVEL = "-Owholemodule";
				TARGETED_DEVICE_FAMILY = "1,2";
				VALIDATE_PRODUCT = YES;
			};
			name = Release;
		};
		0023610E1F01D9F200CEB6EC /* Debug */ = {
			isa = XCBuildConfiguration;
			buildSettings = {
				ASSETCATALOG_COMPILER_APPICON_NAME = AppIcon;
				DEVELOPMENT_TEAM = 4BELNFV56M;
				INFOPLIST_FILE = Pokedex/Info.plist;
				LD_RUNPATH_SEARCH_PATHS = "$(inherited) @executable_path/Frameworks";
				PRODUCT_BUNDLE_IDENTIFIER = br.com.victormendes.Pokedex;
				PRODUCT_NAME = "$(TARGET_NAME)";
				SWIFT_VERSION = 3.0;
			};
			name = Debug;
		};
		0023610F1F01D9F200CEB6EC /* Release */ = {
			isa = XCBuildConfiguration;
			buildSettings = {
				ASSETCATALOG_COMPILER_APPICON_NAME = AppIcon;
				DEVELOPMENT_TEAM = 4BELNFV56M;
				INFOPLIST_FILE = Pokedex/Info.plist;
				LD_RUNPATH_SEARCH_PATHS = "$(inherited) @executable_path/Frameworks";
				PRODUCT_BUNDLE_IDENTIFIER = br.com.victormendes.Pokedex;
				PRODUCT_NAME = "$(TARGET_NAME)";
				SWIFT_VERSION = 3.0;
			};
			name = Release;
		};
/* End XCBuildConfiguration section */

/* Begin XCConfigurationList section */
		002360F61F01D9F200CEB6EC /* Build configuration list for PBXProject "Pokedex" */ = {
			isa = XCConfigurationList;
			buildConfigurations = (
				0023610B1F01D9F200CEB6EC /* Debug */,
				0023610C1F01D9F200CEB6EC /* Release */,
			);
			defaultConfigurationIsVisible = 0;
			defaultConfigurationName = Release;
		};
		0023610D1F01D9F200CEB6EC /* Build configuration list for PBXNativeTarget "Pokedex" */ = {
			isa = XCConfigurationList;
			buildConfigurations = (
				0023610E1F01D9F200CEB6EC /* Debug */,
				0023610F1F01D9F200CEB6EC /* Release */,
			);
			defaultConfigurationIsVisible = 0;
		};
/* End XCConfigurationList section */
	};
	rootObject = 002360F31F01D9F200CEB6EC /* Project object */;
}
